
Microsoft Visual Studio Solution File, Format Version 12.00
# Visual Studio Version 16
VisualStudioVersion = 16.0.29102.190
MinimumVisualStudioVersion = 10.0.40219.1
Project("{FAE04EC0-301F-11D3-BF4B-00C04F79EFBC}") = "gRPCDemo", "gRPCDemo\gRPCDemo.csproj", "{D2D0FCA2-30A4-4733-9169-BCFB2BFFA67C}"
EndProject
Project("{FAE04EC0-301F-11D3-BF4B-00C04F79EFBC}") = "gRPCClient", "gRPCClient\gRPCClient.csproj", "{B6CE7CFC-6788-4D8E-94EB-01D7A418BC87}"
EndProject
Project("{FAE04EC0-301F-11D3-BF4B-00C04F79EFBC}") = "gRPCServer", "gRPCServer\gRPCServer.csproj", "{F61F9B94-CFA0-4723-9BC4-945E592D55F7}"
EndProject
Global
	GlobalSection(SolutionConfigurationPlatforms) = preSolution
		Debug|Any CPU = Debug|Any CPU
		Release|Any CPU = Release|Any CPU
	EndGlobalSection
	GlobalSection(ProjectConfigurationPlatforms) = postSolution
		{D2D0FCA2-30A4-4733-9169-BCFB2BFFA67C}.Debug|Any CPU.ActiveCfg = Debug|Any CPU
		{D2D0FCA2-30A4-4733-9169-BCFB2BFFA67C}.Debug|Any CPU.Build.0 = Debug|Any CPU
		{D2D0FCA2-30A4-4733-9169-BCFB2BFFA67C}.Release|Any CPU.ActiveCfg = Release|Any CPU
		{D2D0FCA2-30A4-4733-9169-BCFB2BFFA67C}.Release|Any CPU.Build.0 = Release|Any CPU
		{B6CE7CFC-6788-4D8E-94EB-01D7A418BC87}.Debug|Any CPU.ActiveCfg = Debug|Any CPU
		{B6CE7CFC-6788-4D8E-94EB-01D7A418BC87}.Debug|Any CPU.Build.0 = Debug|Any CPU
		{B6CE7CFC-6788-4D8E-94EB-01D7A418BC87}.Release|Any CPU.ActiveCfg = Release|Any CPU
		{B6CE7CFC-6788-4D8E-94EB-01D7A418BC87}.Release|Any CPU.Build.0 = Release|Any CPU
		{F61F9B94-CFA0-4723-9BC4-945E592D55F7}.Debug|Any CPU.ActiveCfg = Debug|Any CPU
		{F61F9B94-CFA0-4723-9BC4-945E592D55F7}.Debug|Any CPU.Build.0 = Debug|Any CPU
		{F61F9B94-CFA0-4723-9BC4-945E592D55F7}.Release|Any CPU.ActiveCfg = Release|Any CPU
		{F61F9B94-CFA0-4723-9BC4-945E592D55F7}.Release|Any CPU.Build.0 = Release|Any CPU
	EndGlobalSection
	GlobalSection(SolutionProperties) = preSolution
		HideSolutionNode = FALSE
	EndGlobalSection
	GlobalSection(ExtensibilityGlobals) = postSolution
		SolutionGuid = {D16E7E70-9D20-4F31-B994-88E5D5616E05}
	EndGlobalSection
EndGlobal
